Microsoft Visual Studio Solution File, Format Version 11.00
# Visual Studio 2008

Project("{FF9E5B43-80BE-BE3D-20C2-97A96CC05D45}") = "testGame", "Assembly-CSharp.csproj", "{A9FEDB04-BE15-37CF-3131-E35B4D0C8CE8}"
EndProject
Project("{FF9E5B43-80BE-BE3D-20C2-97A96CC05D45}") = "testGame", "Assembly-CSharp-Editor.csproj", "{61524917-5E6E-E22A-EB18-291E2438DA31}"
EndProject
Project("{FF9E5B43-80BE-BE3D-20C2-97A96CC05D45}") = "testGame", "Assembly-UnityScript.unityproj", "{E39034EC-43EF-3E1C-868A-39EFC08265BA}"
EndProject
Global
	GlobalSection(SolutionConfigurationPlatforms) = preSolution
		Debug|Any CPU = Debug|Any CPU
		Release|Any CPU = Release|Any CPU
	EndGlobalSection
	GlobalSection(ProjectConfigurationPlatforms) = postSolution
		{A9FEDB04-BE15-37CF-3131-E35B4D0C8CE8}.Debug|Any CPU.ActiveCfg = Debug|Any CPU
		{A9FEDB04-BE15-37CF-3131-E35B4D0C8CE8}.Debug|Any CPU.Build.0 = Debug|Any CPU
		{A9FEDB04-BE15-37CF-3131-E35B4D0C8CE8}.Release|Any CPU.ActiveCfg = Release|Any CPU
		{A9FEDB04-BE15-37CF-3131-E35B4D0C8CE8}.Release|Any CPU.Build.0 = Release|Any CPU
		{61524917-5E6E-E22A-EB18-291E2438DA31}.Debug|Any CPU.ActiveCfg = Debug|Any CPU
		{61524917-5E6E-E22A-EB18-291E2438DA31}.Debug|Any CPU.Build.0 = Debug|Any CPU
		{61524917-5E6E-E22A-EB18-291E2438DA31}.Release|Any CPU.ActiveCfg = Release|Any CPU
		{61524917-5E6E-E22A-EB18-291E2438DA31}.Release|Any CPU.Build.0 = Release|Any CPU
		{E39034EC-43EF-3E1C-868A-39EFC08265BA}.Debug|Any CPU.ActiveCfg = Debug|Any CPU
		{E39034EC-43EF-3E1C-868A-39EFC08265BA}.Debug|Any CPU.Build.0 = Debug|Any CPU
		{E39034EC-43EF-3E1C-868A-39EFC08265BA}.Release|Any CPU.ActiveCfg = Release|Any CPU
		{E39034EC-43EF-3E1C-868A-39EFC08265BA}.Release|Any CPU.Build.0 = Release|Any CPU
	EndGlobalSection
	GlobalSection(SolutionProperties) = preSolution
		HideSolutionNode = FALSE
	EndGlobalSection
																																																								GlobalSection(MonoDevelopProperties) = preSolution
		StartupItem = Assembly-CSharp.csproj
		Policies = $0
		$0.TextStylePolicy = $1
		$1.inheritsSet = null
		$1.scope = text/x-csharp
		$0.CSharpFormattingPolicy = $2
		$2.inheritsSet = Mono
		$2.inheritsScope = text/x-csharp
		$2.scope = text/x-csharp
		$0.TextStylePolicy = $3
		$3.FileWidth = 120
		$3.TabWidth = 4
		$3.IndentWidth = 4
		$3.EolMarker = Unix
		$3.inheritsSet = Mono
		$3.inheritsScope = text/plain
		$3.scope = text/plain
	EndGlobalSection

EndGlobal
